// !$*UTF8*$!
{
	archiveVersion = 1;
	classes = {
	};
	objectVersion = 50;
	objects = {

/* Begin PBXBuildFile section */
		E05FB4692534529700DF8424 /* CocoaPodTest.m in Sources */ = {isa = PBXBuildFile; fileRef = E05FB4682534529700DF8424 /* CocoaPodTest.m */; };
		E0B93DC325343ACF0022C9FF /* AppDelegate.m in Sources */ = {isa = PBXBuildFile; fileRef = E0B93DC225343ACF0022C9FF /* AppDelegate.m */; };
		E0B93DC625343ACF0022C9FF /* SceneDelegate.m in Sources */ = {isa = PBXBuildFile; fileRef = E0B93DC525343ACF0022C9FF /* SceneDelegate.m */; };
		E0B93DC925343ACF0022C9FF /* ViewController.m in Sources */ = {isa = PBXBuildFile; fileRef = E0B93DC825343ACF0022C9FF /* ViewController.m */; };
		E0B93DCC25343ACF0022C9FF /* Main.storyboard in Resources */ = {isa = PBXBuildFile; fileRef = E0B93DCA25343ACF0022C9FF /* Main.storyboard */; };
		E0B93DCE25343AD00022C9FF /* Assets.xcassets in Resources */ = {isa = PBXBuildFile; fileRef = E0B93DCD25343AD00022C9FF /* Assets.xcassets */; };
		E0B93DD125343AD00022C9FF /* LaunchScreen.storyboard in Resources */ = {isa = PBXBuildFile; fileRef = E0B93DCF25343AD00022C9FF /* LaunchScreen.storyboard */; };
		E0B93DD425343AD00022C9FF /* main.m in Sources */ = {isa = PBXBuildFile; fileRef = E0B93DD325343AD00022C9FF /* main.m */; };
		E0B93DDE25343AD00022C9FF /* testForCocoapodTests.m in Sources */ = {isa = PBXBuildFile; fileRef = E0B93DDD25343AD00022C9FF /* testForCocoapodTests.m */; };
		E0B93DE925343AD00022C9FF /* testForCocoapodUITests.m in Sources */ = {isa = PBXBuildFile; fileRef = E0B93DE825343AD00022C9FF /* testForCocoapodUITests.m */; };
/* End PBXBuildFile section */

/* Begin PBXContainerItemProxy section */
		E0B93DDA25343AD00022C9FF /* PBXContainerItemProxy */ = {
			isa = PBXContainerItemProxy;
			containerPortal = E0B93DB625343ACF0022C9FF /* Project object */;
			proxyType = 1;
			remoteGlobalIDString = E0B93DBD25343ACF0022C9FF;
			remoteInfo = testForCocoapod;
		};
		E0B93DE525343AD00022C9FF /* PBXContainerItemProxy */ = {
			isa = PBXContainerItemProxy;
			containerPortal = E0B93DB625343ACF0022C9FF /* Project object */;
			proxyType = 1;
			remoteGlobalIDString = E0B93DBD25343ACF0022C9FF;
			remoteInfo = testForCocoapod;
		};
/* End PBXContainerItemProxy section */

/* Begin PBXFileReference section */
		E05FB4672534529700DF8424 /* CocoaPodTest.h */ = {isa = PBXFileReference; lastKnownFileType = sourcecode.c.h; path = CocoaPodTest.h; sourceTree = "<group>"; };
		E05FB4682534529700DF8424 /* CocoaPodTest.m */ = {isa = PBXFileReference; lastKnownFileType = sourcecode.c.objc; path = CocoaPodTest.m; sourceTree = "<group>"; };
		E0B93DBE25343ACF0022C9FF /* testForCocoapod.app */ = {isa = PBXFileReference; explicitFileType = wrapper.application; includeInIndex = 0; path = testForCocoapod.app; sourceTree = BUILT_PRODUCTS_DIR; };
		E0B93DC125343ACF0022C9FF /* AppDelegate.h */ = {isa = PBXFileReference; lastKnownFileType = sourcecode.c.h; path = AppDelegate.h; sourceTree = "<group>"; };
		E0B93DC225343ACF0022C9FF /* AppDelegate.m */ = {isa = PBXFileReference; lastKnownFileType = sourcecode.c.objc; path = AppDelegate.m; sourceTree = "<group>"; };
		E0B93DC425343ACF0022C9FF /* SceneDelegate.h */ = {isa = PBXFileReference; lastKnownFileType = sourcecode.c.h; path = SceneDelegate.h; sourceTree = "<group>"; };
		E0B93DC525343ACF0022C9FF /* SceneDelegate.m */ = {isa = PBXFileReference; lastKnownFileType = sourcecode.c.objc; path = SceneDelegate.m; sourceTree = "<group>"; };
		E0B93DC725343ACF0022C9FF /* ViewController.h */ = {isa = PBXFileReference; lastKnownFileType = sourcecode.c.h; path = ViewController.h; sourceTree = "<group>"; };
		E0B93DC825343ACF0022C9FF /* ViewController.m */ = {isa = PBXFileReference; lastKnownFileType = sourcecode.c.objc; path = ViewController.m; sourceTree = "<group>"; };
		E0B93DCB25343ACF0022C9FF /* Base */ = {isa = PBXFileReference; lastKnownFileType = file.storyboard; name = Base; path = Base.lproj/Main.storyboard; sourceTree = "<group>"; };
		E0B93DCD25343AD00022C9FF /* Assets.xcassets */ = {isa = PBXFileReference; lastKnownFileType = folder.assetcatalog; path = Assets.xcassets; sourceTree = "<group>"; };
		E0B93DD025343AD00022C9FF /* Base */ = {isa = PBXFileReference; lastKnownFileType = file.storyboard; name = Base; path = Base.lproj/LaunchScreen.storyboard; sourceTree = "<group>"; };
		E0B93DD225343AD00022C9FF /* Info.plist */ = {isa = PBXFileReference; lastKnownFileType = text.plist.xml; path = Info.plist; sourceTree = "<group>"; };
		E0B93DD325343AD00022C9FF /* main.m */ = {isa = PBXFileReference; lastKnownFileType = sourcecode.c.objc; path = main.m; sourceTree = "<group>"; };
		E0B93DD925343AD00022C9FF /* testForCocoapodTests.xctest */ = {isa = PBXFileReference; explicitFileType = wrapper.cfbundle; includeInIndex = 0; path = testForCocoapodTests.xctest; sourceTree = BUILT_PRODUCTS_DIR; };
		E0B93DDD25343AD00022C9FF /* testForCocoapodTests.m */ = {isa = PBXFileReference; lastKnownFileType = sourcecode.c.objc; path = testForCocoapodTests.m; sourceTree = "<group>"; };
		E0B93DDF25343AD00022C9FF /* Info.plist */ = {isa = PBXFileReference; lastKnownFileType = text.plist.xml; path = Info.plist; sourceTree = "<group>"; };
		E0B93DE425343AD00022C9FF /* testForCocoapodUITests.xctest */ = {isa = PBXFileReference; explicitFileType = wrapper.cfbundle; includeInIndex = 0; path = testForCocoapodUITests.xctest; sourceTree = BUILT_PRODUCTS_DIR; };
		E0B93DE825343AD00022C9FF /* testForCocoapodUITests.m */ = {isa = PBXFileReference; lastKnownFileType = sourcecode.c.objc; path = testForCocoapodUITests.m; sourceTree = "<group>"; };
		E0B93DEA25343AD00022C9FF /* Info.plist */ = {isa = PBXFileReference; lastKnownFileType = text.plist.xml; path = Info.plist; sourceTree = "<group>"; };
/* End PBXFileReference section */

/* Begin PBXFrameworksBuildPhase section */
		E0B93DBB25343ACF0022C9FF /* Frameworks */ = {
			isa = PBXFrameworksBuildPhase;
			buildActionMask = 2147483647;
			files = (
			);
			runOnlyForDeploymentPostprocessing = 0;
		};
		E0B93DD625343AD00022C9FF /* Frameworks */ = {
			isa = PBXFrameworksBuildPhase;
			buildActionMask = 2147483647;
			files = (
			);
			runOnlyForDeploymentPostprocessing = 0;
		};
		E0B93DE125343AD00022C9FF /* Frameworks */ = {
			isa = PBXFrameworksBuildPhase;
			buildActionMask = 2147483647;
			files = (
			);
			runOnlyForDeploymentPostprocessing = 0;
		};
/* End PBXFrameworksBuildPhase section */

/* Begin PBXGroup section */
		E0B93DB525343ACF0022C9FF = {
			isa = PBXGroup;
			children = (
				E0B93DC025343ACF0022C9FF /* testForCocoapod */,
				E0B93DDC25343AD00022C9FF /* testForCocoapodTests */,
				E0B93DE725343AD00022C9FF /* testForCocoapodUITests */,
				E0B93DBF25343ACF0022C9FF /* Products */,
			);
			sourceTree = "<group>";
		};
		E0B93DBF25343ACF0022C9FF /* Products */ = {
			isa = PBXGroup;
			children = (
				E0B93DBE25343ACF0022C9FF /* testForCocoapod.app */,
				E0B93DD925343AD00022C9FF /* testForCocoapodTests.xctest */,
				E0B93DE425343AD00022C9FF /* testForCocoapodUITests.xctest */,
			);
			name = Products;
			sourceTree = "<group>";
		};
		E0B93DC025343ACF0022C9FF /* testForCocoapod */ = {
			isa = PBXGroup;
			children = (
				E0B93DF925343C2B0022C9FF /* Classes */,
				E0B93DC125343ACF0022C9FF /* AppDelegate.h */,
				E0B93DC225343ACF0022C9FF /* AppDelegate.m */,
				E0B93DC425343ACF0022C9FF /* SceneDelegate.h */,
				E0B93DC525343ACF0022C9FF /* SceneDelegate.m */,
				E0B93DC725343ACF0022C9FF /* ViewController.h */,
				E0B93DC825343ACF0022C9FF /* ViewController.m */,
				E0B93DCA25343ACF0022C9FF /* Main.storyboard */,
				E0B93DCD25343AD00022C9FF /* Assets.xcassets */,
				E0B93DCF25343AD00022C9FF /* LaunchScreen.storyboard */,
				E0B93DD225343AD00022C9FF /* Info.plist */,
				E0B93DD325343AD00022C9FF /* main.m */,
			);
			path = testForCocoapod;
			sourceTree = "<group>";
		};
		E0B93DDC25343AD00022C9FF /* testForCocoapodTests */ = {
			isa = PBXGroup;
			children = (
				E0B93DDD25343AD00022C9FF /* testForCocoapodTests.m */,
				E0B93DDF25343AD00022C9FF /* Info.plist */,
			);
			path = testForCocoapodTests;
			sourceTree = "<group>";
		};
		E0B93DE725343AD00022C9FF /* testForCocoapodUITests */ = {
			isa = PBXGroup;
			children = (
				E0B93DE825343AD00022C9FF /* testForCocoapodUITests.m */,
				E0B93DEA25343AD00022C9FF /* Info.plist */,
			);
			path = testForCocoapodUITests;
			sourceTree = "<group>";
		};
		E0B93DF925343C2B0022C9FF /* Classes */ = {
			isa = PBXGroup;
			children = (
				E05FB4672534529700DF8424 /* CocoaPodTest.h */,
				E05FB4682534529700DF8424 /* CocoaPodTest.m */,
			);
			path = Classes;
			sourceTree = "<group>";
		};
/* End PBXGroup section */

/* Begin PBXNativeTarget section */
		E0B93DBD25343ACF0022C9FF /* testForCocoapod */ = {
			isa = PBXNativeTarget;
			buildConfigurationList = E0B93DED25343AD00022C9FF /* Build configuration list for PBXNativeTarget "testForCocoapod" */;
			buildPhases = (
				E0B93DBA25343ACF0022C9FF /* Sources */,
				E0B93DBB25343ACF0022C9FF /* Frameworks */,
				E0B93DBC25343ACF0022C9FF /* Resources */,
			);
			buildRules = (
			);
			dependencies = (
			);
			name = testForCocoapod;
			productName = testForCocoapod;
			productReference = E0B93DBE25343ACF0022C9FF /* testForCocoapod.app */;
			productType = "com.apple.product-type.application";
		};
		E0B93DD825343AD00022C9FF /* testForCocoapodTests */ = {
			isa = PBXNativeTarget;
			buildConfigurationList = E0B93DF025343AD00022C9FF /* Build configuration list for PBXNativeTarget "testForCocoapodTests" */;
			buildPhases = (
				E0B93DD525343AD00022C9FF /* Sources */,
				E0B93DD625343AD00022C9FF /* Frameworks */,
				E0B93DD725343AD00022C9FF /* Resources */,
			);
			buildRules = (
			);
			dependencies = (
				E0B93DDB25343AD00022C9FF /* PBXTargetDependency */,
			);
			name = testForCocoapodTests;
			productName = testForCocoapodTests;
			productReference = E0B93DD925343AD00022C9FF /* testForCocoapodTests.xctest */;
			productType = "com.apple.product-type.bundle.unit-test";
		};
		E0B93DE325343AD00022C9FF /* testForCocoapodUITests */ = {
			isa = PBXNativeTarget;
			buildConfigurationList = E0B93DF325343AD00022C9FF /* Build configuration list for PBXNativeTarget "testForCocoapodUITests" */;
			buildPhases = (
				E0B93DE025343AD00022C9FF /* Sources */,
				E0B93DE125343AD00022C9FF /* Frameworks */,
				E0B93DE225343AD00022C9FF /* Resources */,
			);
			buildRules = (
			);
			dependencies = (
				E0B93DE625343AD00022C9FF /* PBXTargetDependency */,
			);
			name = testForCocoapodUITests;
			productName = testForCocoapodUITests;
			productReference = E0B93DE425343AD00022C9FF /* testForCocoapodUITests.xctest */;
			productType = "com.apple.product-type.bundle.ui-testing";
		};
/* End PBXNativeTarget section */

/* Begin PBXProject section */
		E0B93DB625343ACF0022C9FF /* Project object */ = {
			isa = PBXProject;
			attributes = {
				LastUpgradeCheck = 1200;
				TargetAttributes = {
					E0B93DBD25343ACF0022C9FF = {
						CreatedOnToolsVersion = 12.0.1;
					};
					E0B93DD825343AD00022C9FF = {
						CreatedOnToolsVersion = 12.0.1;
						TestTargetID = E0B93DBD25343ACF0022C9FF;
					};
					E0B93DE325343AD00022C9FF = {
						CreatedOnToolsVersion = 12.0.1;
						TestTargetID = E0B93DBD25343ACF0022C9FF;
					};
				};
			};
			buildConfigurationList = E0B93DB925343ACF0022C9FF /* Build configuration list for PBXProject "testForCocoapod" */;
			compatibilityVersion = "Xcode 9.3";
			developmentRegion = en;
			hasScannedForEncodings = 0;
			knownRegions = (
				en,
				Base,
			);
			mainGroup = E0B93DB525343ACF0022C9FF;
			productRefGroup = E0B93DBF25343ACF0022C9FF /* Products */;
			projectDirPath = "";
			projectRoot = "";
			targets = (
				E0B93DBD25343ACF0022C9FF /* testForCocoapod */,
				E0B93DD825343AD00022C9FF /* testForCocoapodTests */,
				E0B93DE325343AD00022C9FF /* testForCocoapodUITests */,
			);
		};
/* End PBXProject section */

/* Begin PBXResourcesBuildPhase section */
		E0B93DBC25343ACF0022C9FF /* Resources */ = {
			isa = PBXResourcesBuildPhase;
			buildActionMask = 2147483647;
			files = (
				E0B93DD125343AD00022C9FF /* LaunchScreen.storyboard in Resources */,
				E0B93DCE25343AD00022C9FF /* Assets.xcassets in Resources */,
				E0B93DCC25343ACF0022C9FF /* Main.storyboard in Resources */,
			);
			runOnlyForDeploymentPostprocessing = 0;
		};
		E0B93DD725343AD00022C9FF /* Resources */ = {
			isa = PBXResourcesBuildPhase;
			buildActionMask = 2147483647;
			files = (
			);
			runOnlyForDeploymentPostprocessing = 0;
		};
		E0B93DE225343AD00022C9FF /* Resources */ = {
			isa = PBXResourcesBuildPhase;
			buildActionMask = 2147483647;
			files = (
			);
			runOnlyForDeploymentPostprocessing = 0;
		};
/* End PBXResourcesBuildPhase section */

/* Begin PBXSourcesBuildPhase section */
		E0B93DBA25343ACF0022C9FF /* Sources */ = {
			isa = PBXSourcesBuildPhase;
			buildActionMask = 2147483647;
			files = (
				E0B93DC925343ACF0022C9FF /* ViewController.m in Sources */,
				E0B93DC325343ACF0022C9FF /* AppDelegate.m in Sources */,
				E0B93DD425343AD00022C9FF /* main.m in Sources */,
				E05FB4692534529700DF8424 /* CocoaPodTest.m in Sources */,
				E0B93DC625343ACF0022C9FF /* SceneDelegate.m in Sources */,
			);
			runOnlyForDeploymentPostprocessing = 0;
		};
		E0B93DD525343AD00022C9FF /* Sources */ = {
			isa = PBXSourcesBuildPhase;
			buildActionMask = 2147483647;
			files = (
				E0B93DDE25343AD00022C9FF /* testForCocoapodTests.m in Sources */,
			);
			runOnlyForDeploymentPostprocessing = 0;
		};
		E0B93DE025343AD00022C9FF /* Sources */ = {
			isa = PBXSourcesBuildPhase;
			buildActionMask = 2147483647;
			files = (
				E0B93DE925343AD00022C9FF /* testForCocoapodUITests.m in Sources */,
			);
			runOnlyForDeploymentPostprocessing = 0;
		};
/* End PBXSourcesBuildPhase section */

/* Begin PBXTargetDependency section */
		E0B93DDB25343AD00022C9FF /* PBXTargetDependency */ = {
			isa = PBXTargetDependency;
			target = E0B93DBD25343ACF0022C9FF /* testForCocoapod */;
			targetProxy = E0B93DDA25343AD00022C9FF /* PBXContainerItemProxy */;
		};
		E0B93DE625343AD00022C9FF /* PBXTargetDependency */ = {
			isa = PBXTargetDependency;
			target = E0B93DBD25343ACF0022C9FF /* testForCocoapod */;
			targetProxy = E0B93DE525343AD00022C9FF /* PBXContainerItemProxy */;
		};
/* End PBXTargetDependency section */

/* Begin PBXVariantGroup section */
		E0B93DCA25343ACF0022C9FF /* Main.storyboard */ = {
			isa = PBXVariantGroup;
			children = (
				E0B93DCB25343ACF0022C9FF /* Base */,
			);
			name = Main.storyboard;
			sourceTree = "<group>";
		};
		E0B93DCF25343AD00022C9FF /* LaunchScreen.storyboard */ = {
			isa = PBXVariantGroup;
			children = (
				E0B93DD025343AD00022C9FF /* Base */,
			);
			name = LaunchScreen.storyboard;
			sourceTree = "<group>";
		};
/* End PBXVariantGroup section */

/* Begin XCBuildConfiguration section */
		E0B93DEB25343AD00022C9FF /* Debug */ = {
			isa = XCBuildConfiguration;
			buildSettings = {
				ALWAYS_SEARCH_USER_PATHS = NO;
				CLANG_ANALYZER_NONNULL = YES;
				CLANG_ANALYZER_NUMBER_OBJECT_CONVERSION = YES_AGGRESSIVE;
				CLANG_CXX_LANGUAGE_STANDARD = "gnu++14";
				CLANG_CXX_LIBRARY = "libc++";
				CLANG_ENABLE_MODULES = YES;
				CLANG_ENABLE_OBJC_ARC = YES;
				CLANG_ENABLE_OBJC_WEAK = YES;
				CLANG_WARN_BLOCK_CAPTURE_AUTORELEASING = YES;
				CLANG_WARN_BOOL_CONVERSION = YES;
				CLANG_WARN_COMMA = YES;
				CLANG_WARN_CONSTANT_CONVERSION = YES;
				CLANG_WARN_DEPRECATED_OBJC_IMPLEMENTATIONS = YES;
				CLANG_WARN_DIRECT_OBJC_ISA_USAGE = YES_ERROR;
				CLANG_WARN_DOCUMENTATION_COMMENTS = YES;
				CLANG_WARN_EMPTY_BODY = YES;
				CLANG_WARN_ENUM_CONVERSION = YES;
				CLANG_WARN_INFINITE_RECURSION = YES;
				CLANG_WARN_INT_CONVERSION = YES;
				CLANG_WARN_NON_LITERAL_NULL_CONVERSION = YES;
				CLANG_WARN_OBJC_IMPLICIT_RETAIN_SELF = YES;
				CLANG_WARN_OBJC_LITERAL_CONVERSION = YES;
				CLANG_WARN_OBJC_ROOT_CLASS = YES_ERROR;
				CLANG_WARN_QUOTED_INCLUDE_IN_FRAMEWORK_HEADER = YES;
				CLANG_WARN_RANGE_LOOP_ANALYSIS = YES;
				CLANG_WARN_STRICT_PROTOTYPES = YES;
				CLANG_WARN_SUSPICIOUS_MOVE = YES;
				CLANG_WARN_UNGUARDED_AVAILABILITY = YES_AGGRESSIVE;
				CLANG_WARN_UNREACHABLE_CODE = YES;
				CLANG_WARN__DUPLICATE_METHOD_MATCH = YES;
				COPY_PHASE_STRIP = NO;
				DEBUG_INFORMATION_FORMAT = dwarf;
				ENABLE_STRICT_OBJC_MSGSEND = YES;
				ENABLE_TESTABILITY = YES;
				GCC_C_LANGUAGE_STANDARD = gnu11;
				GCC_DYNAMIC_NO_PIC = NO;
				GCC_NO_COMMON_BLOCKS = YES;
				GCC_OPTIMIZATION_LEVEL = 0;
				GCC_PREPROCESSOR_DEFINITIONS = (
					"DEBUG=1",
					"$(inherited)",
				);
				GCC_WARN_64_TO_32_BIT_CONVERSION = YES;
				GCC_WARN_ABOUT_RETURN_TYPE = YES_ERROR;
				GCC_WARN_UNDECLARED_SELECTOR = YES;
				GCC_WARN_UNINITIALIZED_AUTOS = YES_AGGRESSIVE;
				GCC_WARN_UNUSED_FUNCTION = YES;
				GCC_WARN_UNUSED_VARIABLE = YES;
				IPHONEOS_DEPLOYMENT_TARGET = 14.0;
				MTL_ENABLE_DEBUG_INFO = INCLUDE_SOURCE;
				MTL_FAST_MATH = YES;
				ONLY_ACTIVE_ARCH = YES;
				SDKROOT = iphoneos;
			};
			name = Debug;
		};
		E0B93DEC25343AD00022C9FF /* Release */ = {
			isa = XCBuildConfiguration;
			buildSettings = {
				ALWAYS_SEARCH_USER_PATHS = NO;
				CLANG_ANALYZER_NONNULL = YES;
				CLANG_ANALYZER_NUMBER_OBJECT_CONVERSION = YES_AGGRESSIVE;
				CLANG_CXX_LANGUAGE_STANDARD = "gnu++14";
				CLANG_CXX_LIBRARY = "libc++";
				CLANG_ENABLE_MODULES = YES;
				CLANG_ENABLE_OBJC_ARC = YES;
				CLANG_ENABLE_OBJC_WEAK = YES;
				CLANG_WARN_BLOCK_CAPTURE_AUTORELEASING = YES;
				CLANG_WARN_BOOL_CONVERSION = YES;
				CLANG_WARN_COMMA = YES;
				CLANG_WARN_CONSTANT_CONVERSION = YES;
				CLANG_WARN_DEPRECATED_OBJC_IMPLEMENTATIONS = YES;
				CLANG_WARN_DIRECT_OBJC_ISA_USAGE = YES_ERROR;
				CLANG_WARN_DOCUMENTATION_COMMENTS = YES;
				CLANG_WARN_EMPTY_BODY = YES;
				CLANG_WARN_ENUM_CONVERSION = YES;
				CLANG_WARN_INFINITE_RECURSION = YES;
				CLANG_WARN_INT_CONVERSION = YES;
				CLANG_WARN_NON_LITERAL_NULL_CONVERSION = YES;
				CLANG_WARN_OBJC_IMPLICIT_RETAIN_SELF = YES;
				CLANG_WARN_OBJC_LITERAL_CONVERSION = YES;
				CLANG_WARN_OBJC_ROOT_CLASS = YES_ERROR;
				CLANG_WARN_QUOTED_INCLUDE_IN_FRAMEWORK_HEADER = YES;
				CLANG_WARN_RANGE_LOOP_ANALYSIS = YES;
				CLANG_WARN_STRICT_PROTOTYPES = YES;
				CLANG_WARN_SUSPICIOUS_MOVE = YES;
				CLANG_WARN_UNGUARDED_AVAILABILITY = YES_AGGRESSIVE;
				CLANG_WARN_UNREACHABLE_CODE = YES;
				CLANG_WARN__DUPLICATE_METHOD_MATCH = YES;
				COPY_PHASE_STRIP = NO;
				DEBUG_INFORMATION_FORMAT = "dwarf-with-dsym";
				ENABLE_NS_ASSERTIONS = NO;
				ENABLE_STRICT_OBJC_MSGSEND = YES;
				GCC_C_LANGUAGE_STANDARD = gnu11;
				GCC_NO_COMMON_BLOCKS = YES;
				GCC_WARN_64_TO_32_BIT_CONVERSION = YES;
				GCC_WARN_ABOUT_RETURN_TYPE = YES_ERROR;
				GCC_WARN_UNDECLARED_SELECTOR = YES;
				GCC_WARN_UNINITIALIZED_AUTOS = YES_AGGRESSIVE;
				GCC_WARN_UNUSED_FUNCTION = YES;
				GCC_WARN_UNUSED_VARIABLE = YES;
				IPHONEOS_DEPLOYMENT_TARGET = 14.0;
				MTL_ENABLE_DEBUG_INFO = NO;
				MTL_FAST_MATH = YES;
				SDKROOT = iphoneos;
				VALIDATE_PRODUCT = YES;
			};
			name = Release;
		};
		E0B93DEE25343AD00022C9FF /* Debug */ = {
			isa = XCBuildConfiguration;
			buildSettings = {
				ASSETCATALOG_COMPILER_APPICON_NAME = AppIcon;
				ASSETCATALOG_COMPILER_GLOBAL_ACCENT_COLOR_NAME = AccentColor;
				CODE_SIGN_STYLE = Automatic;
				DEVELOPMENT_TEAM = V8J7E6PBM6;
				INFOPLIST_FILE = testForCocoapod/Info.plist;
				LD_RUNPATH_SEARCH_PATHS = (
					"$(inherited)",
					"@executable_path/Frameworks",
				);
				PRODUCT_BUNDLE_IDENTIFIER = "BorderCollie-Ibeacon.testForCocoapod";
				PRODUCT_NAME = "$(TARGET_NAME)";
				TARGETED_DEVICE_FAMILY = "1,2";
			};
			name = Debug;
		};
		E0B93DEF25343AD00022C9FF /* Release */ = {
			isa = XCBuildConfiguration;
			buildSettings = {
				ASSETCATALOG_COMPILER_APPICON_NAME = AppIcon;
				ASSETCATALOG_COMPILER_GLOBAL_ACCENT_COLOR_NAME = AccentColor;
				CODE_SIGN_STYLE = Automatic;
				DEVELOPMENT_TEAM = V8J7E6PBM6;
				INFOPLIST_FILE = testForCocoapod/Info.plist;
				LD_RUNPATH_SEARCH_PATHS = (
					"$(inherited)",
					"@executable_path/Frameworks",
				);
				PRODUCT_BUNDLE_IDENTIFIER = "BorderCollie-Ibeacon.testForCocoapod";
				PRODUCT_NAME = "$(TARGET_NAME)";
				TARGETED_DEVICE_FAMILY = "1,2";
			};
			name = Release;
		};
		E0B93DF125343AD00022C9FF /* Debug */ = {
			isa = XCBuildConfiguration;
			buildSettings = {
				BUNDLE_LOADER = "$(TEST_HOST)";
				CODE_SIGN_STYLE = Automatic;
				DEVELOPMENT_TEAM = V8J7E6PBM6;
				INFOPLIST_FILE = testForCocoapodTests/Info.plist;
				IPHONEOS_DEPLOYMENT_TARGET = 14.0;
				LD_RUNPATH_SEARCH_PATHS = (
					"$(inherited)",
					"@executable_path/Frameworks",
					"@loader_path/Frameworks",
				);
				PRODUCT_BUNDLE_IDENTIFIER = "BorderCollie-Ibeacon.testForCocoapodTests";
				PRODUCT_NAME = "$(TARGET_NAME)";
				TARGETED_DEVICE_FAMILY = "1,2";
				TEST_HOST = "$(BUILT_PRODUCTS_DIR)/testForCocoapod.app/testForCocoapod";
			};
			name = Debug;
		};
		E0B93DF225343AD00022C9FF /* Release */ = {
			isa = XCBuildConfiguration;
			buildSettings = {
				BUNDLE_LOADER = "$(TEST_HOST)";
				CODE_SIGN_STYLE = Automatic;
				DEVELOPMENT_TEAM = V8J7E6PBM6;
				INFOPLIST_FILE = testForCocoapodTests/Info.plist;
				IPHONEOS_DEPLOYMENT_TARGET = 14.0;
				LD_RUNPATH_SEARCH_PATHS = (
					"$(inherited)",
					"@executable_path/Frameworks",
					"@loader_path/Frameworks",
				);
				PRODUCT_BUNDLE_IDENTIFIER = "BorderCollie-Ibeacon.testForCocoapodTests";
				PRODUCT_NAME = "$(TARGET_NAME)";
				TARGETED_DEVICE_FAMILY = "1,2";
				TEST_HOST = "$(BUILT_PRODUCTS_DIR)/testForCocoapod.app/testForCocoapod";
			};
			name = Release;
		};
		E0B93DF425343AD00022C9FF /* Debug */ = {
			isa = XCBuildConfiguration;
			buildSettings = {
				CODE_SIGN_STYLE = Automatic;
				DEVELOPMENT_TEAM = V8J7E6PBM6;
				INFOPLIST_FILE = testForCocoapodUITests/Info.plist;
				LD_RUNPATH_SEARCH_PATHS = (
					"$(inherited)",
					"@executable_path/Frameworks",
					"@loader_path/Frameworks",
				);
				PRODUCT_BUNDLE_IDENTIFIER = "BorderCollie-Ibeacon.testForCocoapodUITests";
				PRODUCT_NAME = "$(TARGET_NAME)";
				TARGETED_DEVICE_FAMILY = "1,2";
				TEST_TARGET_NAME = testForCocoapod;
			};
			name = Debug;
		};
		E0B93DF525343AD00022C9FF /* Release */ = {
			isa = XCBuildConfiguration;
			buildSettings = {
				CODE_SIGN_STYLE = Automatic;
				DEVELOPMENT_TEAM = V8J7E6PBM6;
				INFOPLIST_FILE = testForCocoapodUITests/Info.plist;
				LD_RUNPATH_SEARCH_PATHS = (
					"$(inherited)",
					"@executable_path/Frameworks",
					"@loader_path/Frameworks",
				);
				PRODUCT_BUNDLE_IDENTIFIER = "BorderCollie-Ibeacon.testForCocoapodUITests";
				PRODUCT_NAME = "$(TARGET_NAME)";
				TARGETED_DEVICE_FAMILY = "1,2";
				TEST_TARGET_NAME = testForCocoapod;
			};
			name = Release;
		};
/* End XCBuildConfiguration section */

/* Begin XCConfigurationList section */
		E0B93DB925343ACF0022C9FF /* Build configuration list for PBXProject "testForCocoapod" */ = {
			isa = XCConfigurationList;
			buildConfigurations = (
				E0B93DEB25343AD00022C9FF /* Debug */,
				E0B93DEC25343AD00022C9FF /* Release */,
			);
			defaultConfigurationIsVisible = 0;
			defaultConfigurationName = Release;
		};
		E0B93DED25343AD00022C9FF /* Build configuration list for PBXNativeTarget "testForCocoapod" */ = {
			isa = XCConfigurationList;
			buildConfigurations = (
				E0B93DEE25343AD00022C9FF /* Debug */,
				E0B93DEF25343AD00022C9FF /* Release */,
			);
			defaultConfigurationIsVisible = 0;
			defaultConfigurationName = Release;
		};
		E0B93DF025343AD00022C9FF /* Build configuration list for PBXNativeTarget "testForCocoapodTests" */ = {
			isa = XCConfigurationList;
			buildConfigurations = (
				E0B93DF125343AD00022C9FF /* Debug */,
				E0B93DF225343AD00022C9FF /* Release */,
			);
			defaultConfigurationIsVisible = 0;
			defaultConfigurationName = Release;
		};
		E0B93DF325343AD00022C9FF /* Build configuration list for PBXNativeTarget "testForCocoapodUITests" */ = {
			isa = XCConfigurationList;
			buildConfigurations = (
				E0B93DF425343AD00022C9FF /* Debug */,
				E0B93DF525343AD00022C9FF /* Release */,
			);
			defaultConfigurationIsVisible = 0;
			defaultConfigurationName = Release;
		};
/* End XCConfigurationList section */
	};
	rootObject = E0B93DB625343ACF0022C9FF /* Project object */;
}
